<Solution>
  <Project Path="26-CodeDefined-Agent-Skills-AzureOpenAI/26-CodeDefined-Agent-Skills-AzureOpenAI.csproj" />
  <Project Path="26-CodeDefined-Agent-Skills-Foundry/26-CodeDefined-Agent-Skills-Foundry.csproj" />
  <Project Path="26-CodeDefined-Agent-Skills/26-CodeDefined-Agent-Skills.csproj" />
</Solution>
